
Microsoft Visual Studio Solution File, Format Version 12.00
# Visual Studio 2013
VisualStudioVersion = 12.0.31101.0
MinimumVisualStudioVersion = 10.0.40219.1
Project("{FAE04EC0-301F-11D3-BF4B-00C04F79EFBC}") = "SimLinkup", "SimLinkup.csproj", "{B928D6CB-9199-4679-8EF6-A489F167D400}"
EndProject
Project("{FAE04EC0-301F-11D3-BF4B-00C04F79EFBC}") = "Common", "..\Common\Common.csproj", "{ABA9CC75-B778-4E46-A6F6-AFEC27F2EB59}"
EndProject
Project("{FAE04EC0-301F-11D3-BF4B-00C04F79EFBC}") = "PHCC", "..\PHCC\PHCC.csproj", "{75FA2030-C9CA-4B2D-8534-8F48EEA13CA3}"
EndProject
Project("{FAE04EC0-301F-11D3-BF4B-00C04F79EFBC}") = "PhccDeviceManager", "..\PhccDeviceManager\PhccDeviceManager.csproj", "{52AB07AF-C7BB-4586-BC5E-34759831CB08}"
EndProject
Project("{FAE04EC0-301F-11D3-BF4B-00C04F79EFBC}") = "F4SharedMem", "..\F4SharedMem\F4SharedMem.csproj", "{517D1B4D-E8C7-4331-BBE7-300FD6B78441}"
EndProject
Project("{FAE04EC0-301F-11D3-BF4B-00C04F79EFBC}") = "AnalogDevices", "..\AnalogDevices\AnalogDevices.csproj", "{E8F9E0E2-6DCA-4C39-8E0C-2818C1D87DA9}"
EndProject
Project("{FAE04EC0-301F-11D3-BF4B-00C04F79EFBC}") = "LightningGauges", "..\LightningGauges\LightningGauges\LightningGauges.csproj", "{E3E09957-DD05-4DEC-961A-915A082C0BC4}"
EndProject
Project("{FAE04EC0-301F-11D3-BF4B-00C04F79EFBC}") = "F4KeyFile", "..\F4KeyFile\F4KeyFile.csproj", "{EEED5595-6EB8-473D-B487-334B45D753A6}"
EndProject
Project("{FAE04EC0-301F-11D3-BF4B-00C04F79EFBC}") = "LzssManaged", "..\Lzss\LzssManaged\LzssManaged.csproj", "{04F20E15-844A-4D30-9EC4-E8FD61A043A9}"
EndProject
Project("{FAE04EC0-301F-11D3-BF4B-00C04F79EFBC}") = "BIUSBWrapper", "..\BIUSBWrapper\BIUSBWrapper.csproj", "{6A686BC3-E2A2-4E46-A175-B318FF0A2646}"
EndProject
Project("{FAE04EC0-301F-11D3-BF4B-00C04F79EFBC}") = "PPJoyWrapper", "..\PPJoyWrapper\PPJoyWrapper.csproj", "{78555A0E-5D2F-4328-A4F0-67B5D7E51871}"
EndProject
Project("{FAE04EC0-301F-11D3-BF4B-00C04F79EFBC}") = "Common.Imaging", "..\Common\Imaging\Common.Imaging.csproj", "{04157D6E-AFE0-4399-94D5-306CF4AADAC1}"
EndProject
Project("{2150E333-8FDC-42A3-9474-1A3956D46DE8}") = "Common", "Common", "{771E9AD1-7F14-455A-A526-0EB0D02CD958}"
EndProject
Project("{FAE04EC0-301F-11D3-BF4B-00C04F79EFBC}") = "Common.Application", "..\Common\Application\Common.Application.csproj", "{0CDB21CA-A5F7-446C-837E-C7C37238F2D7}"
EndProject
Global
	GlobalSection(SolutionConfigurationPlatforms) = preSolution
		Debug|x86 = Debug|x86
		Release|x86 = Release|x86
	EndGlobalSection
	GlobalSection(ProjectConfigurationPlatforms) = postSolution
		{B928D6CB-9199-4679-8EF6-A489F167D400}.Debug|x86.ActiveCfg = Debug|x86
		{B928D6CB-9199-4679-8EF6-A489F167D400}.Debug|x86.Build.0 = Debug|x86
		{B928D6CB-9199-4679-8EF6-A489F167D400}.Release|x86.ActiveCfg = Release|x86
		{B928D6CB-9199-4679-8EF6-A489F167D400}.Release|x86.Build.0 = Release|x86
		{ABA9CC75-B778-4E46-A6F6-AFEC27F2EB59}.Debug|x86.ActiveCfg = Debug|x86
		{ABA9CC75-B778-4E46-A6F6-AFEC27F2EB59}.Debug|x86.Build.0 = Debug|x86
		{ABA9CC75-B778-4E46-A6F6-AFEC27F2EB59}.Release|x86.ActiveCfg = Release|x86
		{ABA9CC75-B778-4E46-A6F6-AFEC27F2EB59}.Release|x86.Build.0 = Release|x86
		{75FA2030-C9CA-4B2D-8534-8F48EEA13CA3}.Debug|x86.ActiveCfg = Debug|x86
		{75FA2030-C9CA-4B2D-8534-8F48EEA13CA3}.Debug|x86.Build.0 = Debug|x86
		{75FA2030-C9CA-4B2D-8534-8F48EEA13CA3}.Release|x86.ActiveCfg = Release|x86
		{75FA2030-C9CA-4B2D-8534-8F48EEA13CA3}.Release|x86.Build.0 = Release|x86
		{52AB07AF-C7BB-4586-BC5E-34759831CB08}.Debug|x86.ActiveCfg = Debug|x86
		{52AB07AF-C7BB-4586-BC5E-34759831CB08}.Debug|x86.Build.0 = Debug|x86
		{52AB07AF-C7BB-4586-BC5E-34759831CB08}.Release|x86.ActiveCfg = Release|x86
		{52AB07AF-C7BB-4586-BC5E-34759831CB08}.Release|x86.Build.0 = Release|x86
		{517D1B4D-E8C7-4331-BBE7-300FD6B78441}.Debug|x86.ActiveCfg = Debug|x86
		{517D1B4D-E8C7-4331-BBE7-300FD6B78441}.Debug|x86.Build.0 = Debug|x86
		{517D1B4D-E8C7-4331-BBE7-300FD6B78441}.Release|x86.ActiveCfg = Release|x86
		{517D1B4D-E8C7-4331-BBE7-300FD6B78441}.Release|x86.Build.0 = Release|x86
		{E8F9E0E2-6DCA-4C39-8E0C-2818C1D87DA9}.Debug|x86.ActiveCfg = Debug|x86
		{E8F9E0E2-6DCA-4C39-8E0C-2818C1D87DA9}.Debug|x86.Build.0 = Debug|x86
		{E8F9E0E2-6DCA-4C39-8E0C-2818C1D87DA9}.Release|x86.ActiveCfg = Release|x86
		{E8F9E0E2-6DCA-4C39-8E0C-2818C1D87DA9}.Release|x86.Build.0 = Release|x86
		{E3E09957-DD05-4DEC-961A-915A082C0BC4}.Debug|x86.ActiveCfg = Debug|x86
		{E3E09957-DD05-4DEC-961A-915A082C0BC4}.Debug|x86.Build.0 = Debug|x86
		{E3E09957-DD05-4DEC-961A-915A082C0BC4}.Release|x86.ActiveCfg = Release|x86
		{E3E09957-DD05-4DEC-961A-915A082C0BC4}.Release|x86.Build.0 = Release|x86
		{EEED5595-6EB8-473D-B487-334B45D753A6}.Debug|x86.ActiveCfg = Debug|x86
		{EEED5595-6EB8-473D-B487-334B45D753A6}.Debug|x86.Build.0 = Debug|x86
		{EEED5595-6EB8-473D-B487-334B45D753A6}.Release|x86.ActiveCfg = Release|x86
		{EEED5595-6EB8-473D-B487-334B45D753A6}.Release|x86.Build.0 = Release|x86
		{04F20E15-844A-4D30-9EC4-E8FD61A043A9}.Debug|x86.ActiveCfg = Debug|x86
		{04F20E15-844A-4D30-9EC4-E8FD61A043A9}.Debug|x86.Build.0 = Debug|x86
		{04F20E15-844A-4D30-9EC4-E8FD61A043A9}.Release|x86.ActiveCfg = Release|x86
		{04F20E15-844A-4D30-9EC4-E8FD61A043A9}.Release|x86.Build.0 = Release|x86
		{6A686BC3-E2A2-4E46-A175-B318FF0A2646}.Debug|x86.ActiveCfg = Debug|x86
		{6A686BC3-E2A2-4E46-A175-B318FF0A2646}.Debug|x86.Build.0 = Debug|x86
		{6A686BC3-E2A2-4E46-A175-B318FF0A2646}.Release|x86.ActiveCfg = Release|x86
		{6A686BC3-E2A2-4E46-A175-B318FF0A2646}.Release|x86.Build.0 = Release|x86
		{78555A0E-5D2F-4328-A4F0-67B5D7E51871}.Debug|x86.ActiveCfg = Debug|x86
		{78555A0E-5D2F-4328-A4F0-67B5D7E51871}.Debug|x86.Build.0 = Debug|x86
		{78555A0E-5D2F-4328-A4F0-67B5D7E51871}.Release|x86.ActiveCfg = Release|x86
		{78555A0E-5D2F-4328-A4F0-67B5D7E51871}.Release|x86.Build.0 = Release|x86
		{04157D6E-AFE0-4399-94D5-306CF4AADAC1}.Debug|x86.ActiveCfg = Debug|x86
		{04157D6E-AFE0-4399-94D5-306CF4AADAC1}.Debug|x86.Build.0 = Debug|x86
		{04157D6E-AFE0-4399-94D5-306CF4AADAC1}.Release|x86.ActiveCfg = Release|x86
		{04157D6E-AFE0-4399-94D5-306CF4AADAC1}.Release|x86.Build.0 = Release|x86
		{0CDB21CA-A5F7-446C-837E-C7C37238F2D7}.Debug|x86.ActiveCfg = Debug|x86
		{0CDB21CA-A5F7-446C-837E-C7C37238F2D7}.Debug|x86.Build.0 = Debug|x86
		{0CDB21CA-A5F7-446C-837E-C7C37238F2D7}.Release|x86.ActiveCfg = Release|x86
		{0CDB21CA-A5F7-446C-837E-C7C37238F2D7}.Release|x86.Build.0 = Release|x86
	EndGlobalSection
	GlobalSection(SolutionProperties) = preSolution
		HideSolutionNode = FALSE
	EndGlobalSection
	GlobalSection(NestedProjects) = preSolution
		{ABA9CC75-B778-4E46-A6F6-AFEC27F2EB59} = {771E9AD1-7F14-455A-A526-0EB0D02CD958}
		{04157D6E-AFE0-4399-94D5-306CF4AADAC1} = {771E9AD1-7F14-455A-A526-0EB0D02CD958}
		{0CDB21CA-A5F7-446C-837E-C7C37238F2D7} = {771E9AD1-7F14-455A-A526-0EB0D02CD958}
	EndGlobalSection
EndGlobal
