
Microsoft Visual Studio Solution File, Format Version 11.00
# Visual Studio 2010
Project("{FAE04EC0-301F-11D3-BF4B-00C04F79EFBC}") = "UrlToImage", "UrlToImage.csproj", "{E314B115-AC54-4F01-AC73-E38662C9850E}"
EndProject
Global
	GlobalSection(SolutionConfigurationPlatforms) = preSolution
		Debug|Any CPU = Debug|Any CPU
		Release|Any CPU = Release|Any CPU
	EndGlobalSection
	GlobalSection(ProjectConfigurationPlatforms) = postSolution
		{E314B115-AC54-4F01-AC73-E38662C9850E}.Debug|Any CPU.ActiveCfg = Debug|Any CPU
		{E314B115-AC54-4F01-AC73-E38662C9850E}.Debug|Any CPU.Build.0 = Debug|Any CPU
		{E314B115-AC54-4F01-AC73-E38662C9850E}.Release|Any CPU.ActiveCfg = Release|Any CPU
		{E314B115-AC54-4F01-AC73-E38662C9850E}.Release|Any CPU.Build.0 = Release|Any CPU
	EndGlobalSection
	GlobalSection(SolutionProperties) = preSolution
		HideSolutionNode = FALSE
	EndGlobalSection
EndGlobal
