
Microsoft Visual Studio Solution File, Format Version 12.00
# Visual Studio 2013
VisualStudioVersion = 12.0.31101.0
MinimumVisualStudioVersion = 10.0.40219.1
Project("{FAE04EC0-301F-11D3-BF4B-00C04F79EFBC}") = "F4SharedMem", "..\F4SharedMem\F4SharedMem.csproj", "{517D1B4D-E8C7-4331-BBE7-300FD6B78441}"
EndProject
Project("{FAE04EC0-301F-11D3-BF4B-00C04F79EFBC}") = "Common", "..\Common\Common.csproj", "{ABA9CC75-B778-4E46-A6F6-AFEC27F2EB59}"
EndProject
Project("{FAE04EC0-301F-11D3-BF4B-00C04F79EFBC}") = "F4KeyFile", "..\F4KeyFile\F4KeyFile.csproj", "{EEED5595-6EB8-473D-B487-334B45D753A6}"
EndProject
Project("{FAE04EC0-301F-11D3-BF4B-00C04F79EFBC}") = "LzssManaged", "..\Lzss\LzssManaged\LzssManaged.csproj", "{04F20E15-844A-4D30-9EC4-E8FD61A043A9}"
EndProject
Project("{FAE04EC0-301F-11D3-BF4B-00C04F79EFBC}") = "Common.Imaging", "..\Common\Imaging\Common.Imaging.csproj", "{04157D6E-AFE0-4399-94D5-306CF4AADAC1}"
EndProject
Project("{FAE04EC0-301F-11D3-BF4B-00C04F79EFBC}") = "F4Utils.Terrain", "Terrain\F4Utils.Terrain.csproj", "{305B6164-1C7D-4627-9774-DB6BD5CF50E8}"
EndProject
Project("{FAE04EC0-301F-11D3-BF4B-00C04F79EFBC}") = "BIUSBWrapper", "..\BIUSBWrapper\BIUSBWrapper.csproj", "{6A686BC3-E2A2-4E46-A175-B318FF0A2646}"
EndProject
Project("{FAE04EC0-301F-11D3-BF4B-00C04F79EFBC}") = "PPJoyWrapper", "..\PPJoyWrapper\PPJoyWrapper.csproj", "{78555A0E-5D2F-4328-A4F0-67B5D7E51871}"
EndProject
Project("{FAE04EC0-301F-11D3-BF4B-00C04F79EFBC}") = "PHCC", "..\PHCC\PHCC.csproj", "{75FA2030-C9CA-4B2D-8534-8F48EEA13CA3}"
EndProject
Project("{FAE04EC0-301F-11D3-BF4B-00C04F79EFBC}") = "F4Utils.PlayerOp", "PlayerOp\F4Utils.PlayerOp.csproj", "{EA92153F-08E5-42B1-B6C5-6B22366E7CF2}"
EndProject
Project("{FAE04EC0-301F-11D3-BF4B-00C04F79EFBC}") = "F4Utils.Campaign", "Campaign\F4Utils.Campaign.csproj", "{D386EC91-6D89-421F-87BC-4849E0232722}"
EndProject
Project("{FAE04EC0-301F-11D3-BF4B-00C04F79EFBC}") = "F4Utils.Speech", "Speech\F4Utils.Speech.csproj", "{0CC7A7C4-BD53-4AAC-8AEB-8654672272AA}"
EndProject
Project("{FAE04EC0-301F-11D3-BF4B-00C04F79EFBC}") = "SpeexInvoke", "..\SpeexInvoke\SpeexInvoke\SpeexInvoke.csproj", "{C19C5F53-4B71-4CAF-830E-4D9226914842}"
EndProject
Project("{FAE04EC0-301F-11D3-BF4B-00C04F79EFBC}") = "F4Utils.SimSupport", "SimSupport\F4Utils.SimSupport.csproj", "{6967BFC5-944D-405C-960B-5A4900EBFD92}"
EndProject
Project("{FAE04EC0-301F-11D3-BF4B-00C04F79EFBC}") = "F4Utils.Resources", "Resources\F4Utils.Resources.csproj", "{A95B675E-E59B-4D44-B66E-8E642B2D825F}"
EndProject
Project("{FAE04EC0-301F-11D3-BF4B-00C04F79EFBC}") = "F4Utils.Process", "Process\F4Utils.Process.csproj", "{66242024-B7E5-4F66-AC1A-F0E2F1D70899}"
EndProject
Project("{2150E333-8FDC-42A3-9474-1A3956D46DE8}") = "F4Utils", "F4Utils", "{358D9555-B4B5-4B30-98D9-B61A0A5FC66B}"
EndProject
Project("{2150E333-8FDC-42A3-9474-1A3956D46DE8}") = "Common", "Common", "{DD75B5C3-A1EF-49AE-A1EF-26CD2668E25A}"
EndProject
Global
	GlobalSection(SolutionConfigurationPlatforms) = preSolution
		Debug|x86 = Debug|x86
		Release|x86 = Release|x86
	EndGlobalSection
	GlobalSection(ProjectConfigurationPlatforms) = postSolution
		{517D1B4D-E8C7-4331-BBE7-300FD6B78441}.Debug|x86.ActiveCfg = Debug|x86
		{517D1B4D-E8C7-4331-BBE7-300FD6B78441}.Debug|x86.Build.0 = Debug|x86
		{517D1B4D-E8C7-4331-BBE7-300FD6B78441}.Release|x86.ActiveCfg = Release|x86
		{517D1B4D-E8C7-4331-BBE7-300FD6B78441}.Release|x86.Build.0 = Release|x86
		{ABA9CC75-B778-4E46-A6F6-AFEC27F2EB59}.Debug|x86.ActiveCfg = Debug|x86
		{ABA9CC75-B778-4E46-A6F6-AFEC27F2EB59}.Debug|x86.Build.0 = Debug|x86
		{ABA9CC75-B778-4E46-A6F6-AFEC27F2EB59}.Release|x86.ActiveCfg = Release|x86
		{ABA9CC75-B778-4E46-A6F6-AFEC27F2EB59}.Release|x86.Build.0 = Release|x86
		{EEED5595-6EB8-473D-B487-334B45D753A6}.Debug|x86.ActiveCfg = Debug|x86
		{EEED5595-6EB8-473D-B487-334B45D753A6}.Debug|x86.Build.0 = Debug|x86
		{EEED5595-6EB8-473D-B487-334B45D753A6}.Release|x86.ActiveCfg = Release|x86
		{EEED5595-6EB8-473D-B487-334B45D753A6}.Release|x86.Build.0 = Release|x86
		{04F20E15-844A-4D30-9EC4-E8FD61A043A9}.Debug|x86.ActiveCfg = Debug|x86
		{04F20E15-844A-4D30-9EC4-E8FD61A043A9}.Debug|x86.Build.0 = Debug|x86
		{04F20E15-844A-4D30-9EC4-E8FD61A043A9}.Release|x86.ActiveCfg = Release|x86
		{04F20E15-844A-4D30-9EC4-E8FD61A043A9}.Release|x86.Build.0 = Release|x86
		{04157D6E-AFE0-4399-94D5-306CF4AADAC1}.Debug|x86.ActiveCfg = Debug|x86
		{04157D6E-AFE0-4399-94D5-306CF4AADAC1}.Debug|x86.Build.0 = Debug|x86
		{04157D6E-AFE0-4399-94D5-306CF4AADAC1}.Release|x86.ActiveCfg = Release|x86
		{04157D6E-AFE0-4399-94D5-306CF4AADAC1}.Release|x86.Build.0 = Release|x86
		{305B6164-1C7D-4627-9774-DB6BD5CF50E8}.Debug|x86.ActiveCfg = Debug|x86
		{305B6164-1C7D-4627-9774-DB6BD5CF50E8}.Debug|x86.Build.0 = Debug|x86
		{305B6164-1C7D-4627-9774-DB6BD5CF50E8}.Release|x86.ActiveCfg = Release|x86
		{305B6164-1C7D-4627-9774-DB6BD5CF50E8}.Release|x86.Build.0 = Release|x86
		{6A686BC3-E2A2-4E46-A175-B318FF0A2646}.Debug|x86.ActiveCfg = Debug|x86
		{6A686BC3-E2A2-4E46-A175-B318FF0A2646}.Debug|x86.Build.0 = Debug|x86
		{6A686BC3-E2A2-4E46-A175-B318FF0A2646}.Release|x86.ActiveCfg = Release|x86
		{6A686BC3-E2A2-4E46-A175-B318FF0A2646}.Release|x86.Build.0 = Release|x86
		{78555A0E-5D2F-4328-A4F0-67B5D7E51871}.Debug|x86.ActiveCfg = Debug|x86
		{78555A0E-5D2F-4328-A4F0-67B5D7E51871}.Debug|x86.Build.0 = Debug|x86
		{78555A0E-5D2F-4328-A4F0-67B5D7E51871}.Release|x86.ActiveCfg = Release|x86
		{78555A0E-5D2F-4328-A4F0-67B5D7E51871}.Release|x86.Build.0 = Release|x86
		{75FA2030-C9CA-4B2D-8534-8F48EEA13CA3}.Debug|x86.ActiveCfg = Debug|x86
		{75FA2030-C9CA-4B2D-8534-8F48EEA13CA3}.Debug|x86.Build.0 = Debug|x86
		{75FA2030-C9CA-4B2D-8534-8F48EEA13CA3}.Release|x86.ActiveCfg = Release|x86
		{75FA2030-C9CA-4B2D-8534-8F48EEA13CA3}.Release|x86.Build.0 = Release|x86
		{EA92153F-08E5-42B1-B6C5-6B22366E7CF2}.Debug|x86.ActiveCfg = Debug|x86
		{EA92153F-08E5-42B1-B6C5-6B22366E7CF2}.Debug|x86.Build.0 = Debug|x86
		{EA92153F-08E5-42B1-B6C5-6B22366E7CF2}.Release|x86.ActiveCfg = Release|x86
		{EA92153F-08E5-42B1-B6C5-6B22366E7CF2}.Release|x86.Build.0 = Release|x86
		{D386EC91-6D89-421F-87BC-4849E0232722}.Debug|x86.ActiveCfg = Debug|x86
		{D386EC91-6D89-421F-87BC-4849E0232722}.Debug|x86.Build.0 = Debug|x86
		{D386EC91-6D89-421F-87BC-4849E0232722}.Release|x86.ActiveCfg = Release|x86
		{D386EC91-6D89-421F-87BC-4849E0232722}.Release|x86.Build.0 = Release|x86
		{0CC7A7C4-BD53-4AAC-8AEB-8654672272AA}.Debug|x86.ActiveCfg = Debug|x86
		{0CC7A7C4-BD53-4AAC-8AEB-8654672272AA}.Debug|x86.Build.0 = Debug|x86
		{0CC7A7C4-BD53-4AAC-8AEB-8654672272AA}.Release|x86.ActiveCfg = Release|x86
		{0CC7A7C4-BD53-4AAC-8AEB-8654672272AA}.Release|x86.Build.0 = Release|x86
		{C19C5F53-4B71-4CAF-830E-4D9226914842}.Debug|x86.ActiveCfg = Debug|x86
		{C19C5F53-4B71-4CAF-830E-4D9226914842}.Debug|x86.Build.0 = Debug|x86
		{C19C5F53-4B71-4CAF-830E-4D9226914842}.Release|x86.ActiveCfg = Release|x86
		{C19C5F53-4B71-4CAF-830E-4D9226914842}.Release|x86.Build.0 = Release|x86
		{6967BFC5-944D-405C-960B-5A4900EBFD92}.Debug|x86.ActiveCfg = Debug|x86
		{6967BFC5-944D-405C-960B-5A4900EBFD92}.Debug|x86.Build.0 = Debug|x86
		{6967BFC5-944D-405C-960B-5A4900EBFD92}.Release|x86.ActiveCfg = Release|x86
		{6967BFC5-944D-405C-960B-5A4900EBFD92}.Release|x86.Build.0 = Release|x86
		{A95B675E-E59B-4D44-B66E-8E642B2D825F}.Debug|x86.ActiveCfg = Debug|x86
		{A95B675E-E59B-4D44-B66E-8E642B2D825F}.Debug|x86.Build.0 = Debug|x86
		{A95B675E-E59B-4D44-B66E-8E642B2D825F}.Release|x86.ActiveCfg = Release|x86
		{A95B675E-E59B-4D44-B66E-8E642B2D825F}.Release|x86.Build.0 = Release|x86
		{66242024-B7E5-4F66-AC1A-F0E2F1D70899}.Debug|x86.ActiveCfg = Debug|x86
		{66242024-B7E5-4F66-AC1A-F0E2F1D70899}.Debug|x86.Build.0 = Debug|x86
		{66242024-B7E5-4F66-AC1A-F0E2F1D70899}.Release|x86.ActiveCfg = Release|x86
		{66242024-B7E5-4F66-AC1A-F0E2F1D70899}.Release|x86.Build.0 = Release|x86
	EndGlobalSection
	GlobalSection(SolutionProperties) = preSolution
		HideSolutionNode = FALSE
	EndGlobalSection
	GlobalSection(NestedProjects) = preSolution
		{ABA9CC75-B778-4E46-A6F6-AFEC27F2EB59} = {DD75B5C3-A1EF-49AE-A1EF-26CD2668E25A}
		{04157D6E-AFE0-4399-94D5-306CF4AADAC1} = {DD75B5C3-A1EF-49AE-A1EF-26CD2668E25A}
		{305B6164-1C7D-4627-9774-DB6BD5CF50E8} = {358D9555-B4B5-4B30-98D9-B61A0A5FC66B}
		{EA92153F-08E5-42B1-B6C5-6B22366E7CF2} = {358D9555-B4B5-4B30-98D9-B61A0A5FC66B}
		{D386EC91-6D89-421F-87BC-4849E0232722} = {358D9555-B4B5-4B30-98D9-B61A0A5FC66B}
		{0CC7A7C4-BD53-4AAC-8AEB-8654672272AA} = {358D9555-B4B5-4B30-98D9-B61A0A5FC66B}
		{6967BFC5-944D-405C-960B-5A4900EBFD92} = {358D9555-B4B5-4B30-98D9-B61A0A5FC66B}
		{A95B675E-E59B-4D44-B66E-8E642B2D825F} = {358D9555-B4B5-4B30-98D9-B61A0A5FC66B}
		{66242024-B7E5-4F66-AC1A-F0E2F1D70899} = {358D9555-B4B5-4B30-98D9-B61A0A5FC66B}
	EndGlobalSection
EndGlobal
