
Microsoft Visual Studio Solution File, Format Version 12.00
# Visual Studio 2013
VisualStudioVersion = 12.0.31101.0
MinimumVisualStudioVersion = 10.0.40219.1
Project("{FAE04EC0-301F-11D3-BF4B-00C04F79EFBC}") = "F4Utils", "F4Utils.csproj", "{BA414112-2EAB-496B-83DC-2005018A827C}"
EndProject
Project("{FAE04EC0-301F-11D3-BF4B-00C04F79EFBC}") = "F4SharedMem", "..\F4SharedMem\F4SharedMem.csproj", "{517D1B4D-E8C7-4331-BBE7-300FD6B78441}"
EndProject
Project("{FAE04EC0-301F-11D3-BF4B-00C04F79EFBC}") = "Common", "..\Common\Common.csproj", "{ABA9CC75-B778-4E46-A6F6-AFEC27F2EB59}"
EndProject
Project("{FAE04EC0-301F-11D3-BF4B-00C04F79EFBC}") = "F4KeyFile", "..\F4KeyFile\F4KeyFile.csproj", "{EEED5595-6EB8-473D-B487-334B45D753A6}"
EndProject
Project("{FAE04EC0-301F-11D3-BF4B-00C04F79EFBC}") = "LzssManaged", "..\Lzss\LzssManaged\LzssManaged.csproj", "{04F20E15-844A-4D30-9EC4-E8FD61A043A9}"
EndProject
Project("{FAE04EC0-301F-11D3-BF4B-00C04F79EFBC}") = "Common.Imaging", "..\Common\Imaging\Common.Imaging.csproj", "{04157D6E-AFE0-4399-94D5-306CF4AADAC1}"
EndProject
Project("{FAE04EC0-301F-11D3-BF4B-00C04F79EFBC}") = "F4Utils.Terrain", "Terrain\F4Utils.Terrain.csproj", "{305B6164-1C7D-4627-9774-DB6BD5CF50E8}"
EndProject
Project("{FAE04EC0-301F-11D3-BF4B-00C04F79EFBC}") = "BIUSBWrapper", "..\BIUSBWrapper\BIUSBWrapper.csproj", "{6A686BC3-E2A2-4E46-A175-B318FF0A2646}"
EndProject
Project("{FAE04EC0-301F-11D3-BF4B-00C04F79EFBC}") = "PPJoyWrapper", "..\PPJoyWrapper\PPJoyWrapper.csproj", "{78555A0E-5D2F-4328-A4F0-67B5D7E51871}"
EndProject
Project("{FAE04EC0-301F-11D3-BF4B-00C04F79EFBC}") = "PHCC", "..\PHCC\PHCC.csproj", "{75FA2030-C9CA-4B2D-8534-8F48EEA13CA3}"
EndProject
Project("{FAE04EC0-301F-11D3-BF4B-00C04F79EFBC}") = "F4Utils.PlayerOp", "PlayerOp\F4Utils.PlayerOp.csproj", "{EA92153F-08E5-42B1-B6C5-6B22366E7CF2}"
EndProject
Project("{FAE04EC0-301F-11D3-BF4B-00C04F79EFBC}") = "F4Utils.Campaign", "Campaign\F4Utils.Campaign.csproj", "{D386EC91-6D89-421F-87BC-4849E0232722}"
EndProject
Project("{FAE04EC0-301F-11D3-BF4B-00C04F79EFBC}") = "F4Utils.Speech", "Speech\F4Utils.Speech.csproj", "{0CC7A7C4-BD53-4AAC-8AEB-8654672272AA}"
EndProject
Project("{FAE04EC0-301F-11D3-BF4B-00C04F79EFBC}") = "SpeexInvoke", "..\SpeexInvoke\SpeexInvoke\SpeexInvoke.csproj", "{C19C5F53-4B71-4CAF-830E-4D9226914842}"
EndProject
Global
	GlobalSection(SolutionConfigurationPlatforms) = preSolution
		Debug|Any CPU = Debug|Any CPU
		Debug|x86 = Debug|x86
		Release|Any CPU = Release|Any CPU
		Release|x86 = Release|x86
	EndGlobalSection
	GlobalSection(ProjectConfigurationPlatforms) = postSolution
		{BA414112-2EAB-496B-83DC-2005018A827C}.Debug|Any CPU.ActiveCfg = Debug|x86
		{BA414112-2EAB-496B-83DC-2005018A827C}.Debug|x86.ActiveCfg = Debug|x86
		{BA414112-2EAB-496B-83DC-2005018A827C}.Debug|x86.Build.0 = Debug|x86
		{BA414112-2EAB-496B-83DC-2005018A827C}.Release|Any CPU.ActiveCfg = Release|x86
		{BA414112-2EAB-496B-83DC-2005018A827C}.Release|x86.ActiveCfg = Release|x86
		{BA414112-2EAB-496B-83DC-2005018A827C}.Release|x86.Build.0 = Release|x86
		{517D1B4D-E8C7-4331-BBE7-300FD6B78441}.Debug|Any CPU.ActiveCfg = Debug|Any CPU
		{517D1B4D-E8C7-4331-BBE7-300FD6B78441}.Debug|Any CPU.Build.0 = Debug|Any CPU
		{517D1B4D-E8C7-4331-BBE7-300FD6B78441}.Debug|x86.ActiveCfg = Debug|x86
		{517D1B4D-E8C7-4331-BBE7-300FD6B78441}.Debug|x86.Build.0 = Debug|x86
		{517D1B4D-E8C7-4331-BBE7-300FD6B78441}.Release|Any CPU.ActiveCfg = Release|Any CPU
		{517D1B4D-E8C7-4331-BBE7-300FD6B78441}.Release|Any CPU.Build.0 = Release|Any CPU
		{517D1B4D-E8C7-4331-BBE7-300FD6B78441}.Release|x86.ActiveCfg = Release|x86
		{517D1B4D-E8C7-4331-BBE7-300FD6B78441}.Release|x86.Build.0 = Release|x86
		{ABA9CC75-B778-4E46-A6F6-AFEC27F2EB59}.Debug|Any CPU.ActiveCfg = Debug|x86
		{ABA9CC75-B778-4E46-A6F6-AFEC27F2EB59}.Debug|x86.ActiveCfg = Debug|x86
		{ABA9CC75-B778-4E46-A6F6-AFEC27F2EB59}.Debug|x86.Build.0 = Debug|x86
		{ABA9CC75-B778-4E46-A6F6-AFEC27F2EB59}.Release|Any CPU.ActiveCfg = Release|x86
		{ABA9CC75-B778-4E46-A6F6-AFEC27F2EB59}.Release|x86.ActiveCfg = Release|x86
		{ABA9CC75-B778-4E46-A6F6-AFEC27F2EB59}.Release|x86.Build.0 = Release|x86
		{EEED5595-6EB8-473D-B487-334B45D753A6}.Debug|Any CPU.ActiveCfg = Debug|Any CPU
		{EEED5595-6EB8-473D-B487-334B45D753A6}.Debug|Any CPU.Build.0 = Debug|Any CPU
		{EEED5595-6EB8-473D-B487-334B45D753A6}.Debug|x86.ActiveCfg = Debug|x86
		{EEED5595-6EB8-473D-B487-334B45D753A6}.Debug|x86.Build.0 = Debug|x86
		{EEED5595-6EB8-473D-B487-334B45D753A6}.Release|Any CPU.ActiveCfg = Release|Any CPU
		{EEED5595-6EB8-473D-B487-334B45D753A6}.Release|Any CPU.Build.0 = Release|Any CPU
		{EEED5595-6EB8-473D-B487-334B45D753A6}.Release|x86.ActiveCfg = Release|x86
		{EEED5595-6EB8-473D-B487-334B45D753A6}.Release|x86.Build.0 = Release|x86
		{04F20E15-844A-4D30-9EC4-E8FD61A043A9}.Debug|Any CPU.ActiveCfg = Debug|x86
		{04F20E15-844A-4D30-9EC4-E8FD61A043A9}.Debug|x86.ActiveCfg = Debug|x86
		{04F20E15-844A-4D30-9EC4-E8FD61A043A9}.Debug|x86.Build.0 = Debug|x86
		{04F20E15-844A-4D30-9EC4-E8FD61A043A9}.Release|Any CPU.ActiveCfg = Release|x86
		{04F20E15-844A-4D30-9EC4-E8FD61A043A9}.Release|x86.ActiveCfg = Release|x86
		{04F20E15-844A-4D30-9EC4-E8FD61A043A9}.Release|x86.Build.0 = Release|x86
		{04157D6E-AFE0-4399-94D5-306CF4AADAC1}.Debug|Any CPU.ActiveCfg = Debug|Any CPU
		{04157D6E-AFE0-4399-94D5-306CF4AADAC1}.Debug|Any CPU.Build.0 = Debug|Any CPU
		{04157D6E-AFE0-4399-94D5-306CF4AADAC1}.Debug|x86.ActiveCfg = Debug|x86
		{04157D6E-AFE0-4399-94D5-306CF4AADAC1}.Debug|x86.Build.0 = Debug|x86
		{04157D6E-AFE0-4399-94D5-306CF4AADAC1}.Release|Any CPU.ActiveCfg = Release|Any CPU
		{04157D6E-AFE0-4399-94D5-306CF4AADAC1}.Release|Any CPU.Build.0 = Release|Any CPU
		{04157D6E-AFE0-4399-94D5-306CF4AADAC1}.Release|x86.ActiveCfg = Release|x86
		{04157D6E-AFE0-4399-94D5-306CF4AADAC1}.Release|x86.Build.0 = Release|x86
		{305B6164-1C7D-4627-9774-DB6BD5CF50E8}.Debug|Any CPU.ActiveCfg = Debug|Any CPU
		{305B6164-1C7D-4627-9774-DB6BD5CF50E8}.Debug|Any CPU.Build.0 = Debug|Any CPU
		{305B6164-1C7D-4627-9774-DB6BD5CF50E8}.Debug|x86.ActiveCfg = Debug|x86
		{305B6164-1C7D-4627-9774-DB6BD5CF50E8}.Debug|x86.Build.0 = Debug|x86
		{305B6164-1C7D-4627-9774-DB6BD5CF50E8}.Release|Any CPU.ActiveCfg = Release|Any CPU
		{305B6164-1C7D-4627-9774-DB6BD5CF50E8}.Release|Any CPU.Build.0 = Release|Any CPU
		{305B6164-1C7D-4627-9774-DB6BD5CF50E8}.Release|x86.ActiveCfg = Release|x86
		{305B6164-1C7D-4627-9774-DB6BD5CF50E8}.Release|x86.Build.0 = Release|x86
		{6A686BC3-E2A2-4E46-A175-B318FF0A2646}.Debug|Any CPU.ActiveCfg = Debug|x86
		{6A686BC3-E2A2-4E46-A175-B318FF0A2646}.Debug|x86.ActiveCfg = Debug|x86
		{6A686BC3-E2A2-4E46-A175-B318FF0A2646}.Debug|x86.Build.0 = Debug|x86
		{6A686BC3-E2A2-4E46-A175-B318FF0A2646}.Release|Any CPU.ActiveCfg = Release|x86
		{6A686BC3-E2A2-4E46-A175-B318FF0A2646}.Release|x86.ActiveCfg = Release|x86
		{6A686BC3-E2A2-4E46-A175-B318FF0A2646}.Release|x86.Build.0 = Release|x86
		{78555A0E-5D2F-4328-A4F0-67B5D7E51871}.Debug|Any CPU.ActiveCfg = Debug|x86
		{78555A0E-5D2F-4328-A4F0-67B5D7E51871}.Debug|x86.ActiveCfg = Debug|x86
		{78555A0E-5D2F-4328-A4F0-67B5D7E51871}.Debug|x86.Build.0 = Debug|x86
		{78555A0E-5D2F-4328-A4F0-67B5D7E51871}.Release|Any CPU.ActiveCfg = Release|x86
		{78555A0E-5D2F-4328-A4F0-67B5D7E51871}.Release|x86.ActiveCfg = Release|x86
		{78555A0E-5D2F-4328-A4F0-67B5D7E51871}.Release|x86.Build.0 = Release|x86
		{75FA2030-C9CA-4B2D-8534-8F48EEA13CA3}.Debug|Any CPU.ActiveCfg = Debug|x86
		{75FA2030-C9CA-4B2D-8534-8F48EEA13CA3}.Debug|x86.ActiveCfg = Debug|x86
		{75FA2030-C9CA-4B2D-8534-8F48EEA13CA3}.Debug|x86.Build.0 = Debug|x86
		{75FA2030-C9CA-4B2D-8534-8F48EEA13CA3}.Release|Any CPU.ActiveCfg = Release|x86
		{75FA2030-C9CA-4B2D-8534-8F48EEA13CA3}.Release|x86.ActiveCfg = Release|x86
		{75FA2030-C9CA-4B2D-8534-8F48EEA13CA3}.Release|x86.Build.0 = Release|x86
		{EA92153F-08E5-42B1-B6C5-6B22366E7CF2}.Debug|Any CPU.ActiveCfg = Debug|Any CPU
		{EA92153F-08E5-42B1-B6C5-6B22366E7CF2}.Debug|Any CPU.Build.0 = Debug|Any CPU
		{EA92153F-08E5-42B1-B6C5-6B22366E7CF2}.Debug|x86.ActiveCfg = Debug|x86
		{EA92153F-08E5-42B1-B6C5-6B22366E7CF2}.Debug|x86.Build.0 = Debug|x86
		{EA92153F-08E5-42B1-B6C5-6B22366E7CF2}.Release|Any CPU.ActiveCfg = Release|Any CPU
		{EA92153F-08E5-42B1-B6C5-6B22366E7CF2}.Release|Any CPU.Build.0 = Release|Any CPU
		{EA92153F-08E5-42B1-B6C5-6B22366E7CF2}.Release|x86.ActiveCfg = Release|x86
		{EA92153F-08E5-42B1-B6C5-6B22366E7CF2}.Release|x86.Build.0 = Release|x86
		{D386EC91-6D89-421F-87BC-4849E0232722}.Debug|Any CPU.ActiveCfg = Debug|Any CPU
		{D386EC91-6D89-421F-87BC-4849E0232722}.Debug|Any CPU.Build.0 = Debug|Any CPU
		{D386EC91-6D89-421F-87BC-4849E0232722}.Debug|x86.ActiveCfg = Debug|x86
		{D386EC91-6D89-421F-87BC-4849E0232722}.Debug|x86.Build.0 = Debug|x86
		{D386EC91-6D89-421F-87BC-4849E0232722}.Release|Any CPU.ActiveCfg = Release|Any CPU
		{D386EC91-6D89-421F-87BC-4849E0232722}.Release|Any CPU.Build.0 = Release|Any CPU
		{D386EC91-6D89-421F-87BC-4849E0232722}.Release|x86.ActiveCfg = Release|x86
		{D386EC91-6D89-421F-87BC-4849E0232722}.Release|x86.Build.0 = Release|x86
		{0CC7A7C4-BD53-4AAC-8AEB-8654672272AA}.Debug|Any CPU.ActiveCfg = Debug|Any CPU
		{0CC7A7C4-BD53-4AAC-8AEB-8654672272AA}.Debug|Any CPU.Build.0 = Debug|Any CPU
		{0CC7A7C4-BD53-4AAC-8AEB-8654672272AA}.Debug|x86.ActiveCfg = Debug|x86
		{0CC7A7C4-BD53-4AAC-8AEB-8654672272AA}.Debug|x86.Build.0 = Debug|x86
		{0CC7A7C4-BD53-4AAC-8AEB-8654672272AA}.Release|Any CPU.ActiveCfg = Release|Any CPU
		{0CC7A7C4-BD53-4AAC-8AEB-8654672272AA}.Release|Any CPU.Build.0 = Release|Any CPU
		{0CC7A7C4-BD53-4AAC-8AEB-8654672272AA}.Release|x86.ActiveCfg = Release|x86
		{0CC7A7C4-BD53-4AAC-8AEB-8654672272AA}.Release|x86.Build.0 = Release|x86
		{C19C5F53-4B71-4CAF-830E-4D9226914842}.Debug|Any CPU.ActiveCfg = Debug|Any CPU
		{C19C5F53-4B71-4CAF-830E-4D9226914842}.Debug|Any CPU.Build.0 = Debug|Any CPU
		{C19C5F53-4B71-4CAF-830E-4D9226914842}.Debug|x86.ActiveCfg = Debug|x86
		{C19C5F53-4B71-4CAF-830E-4D9226914842}.Debug|x86.Build.0 = Debug|x86
		{C19C5F53-4B71-4CAF-830E-4D9226914842}.Release|Any CPU.ActiveCfg = Release|Any CPU
		{C19C5F53-4B71-4CAF-830E-4D9226914842}.Release|Any CPU.Build.0 = Release|Any CPU
		{C19C5F53-4B71-4CAF-830E-4D9226914842}.Release|x86.ActiveCfg = Release|x86
		{C19C5F53-4B71-4CAF-830E-4D9226914842}.Release|x86.Build.0 = Release|x86
	EndGlobalSection
	GlobalSection(SolutionProperties) = preSolution
		HideSolutionNode = FALSE
	EndGlobalSection
EndGlobal
