Microsoft Visual Studio Solution File, Format Version 10.00
# Visual Studio 2008
Project("{8BC9CEB8-8B4A-11D0-8D11-00A0C91BC942}") = "ddraw", "gp_ddraw.vcproj", "{62CCD15B-C8B5-43BC-94A2-553B9CBF1D66}"
EndProject
Project("{2150E333-8FDC-42A3-9474-1A3956D46DE8}") = "Solution Items", "Solution Items", "{D4C62C3A-415E-4B9B-9C77-D467C2FDEDB9}"
EndProject
Global
	GlobalSection(SolutionConfigurationPlatforms) = preSolution
		Debug|Win32 = Debug|Win32
		Release|Win32 = Release|Win32
	EndGlobalSection
	GlobalSection(ProjectConfigurationPlatforms) = postSolution
		{62CCD15B-C8B5-43BC-94A2-553B9CBF1D66}.Debug|Win32.ActiveCfg = Debug|Win32
		{62CCD15B-C8B5-43BC-94A2-553B9CBF1D66}.Debug|Win32.Build.0 = Debug|Win32
		{62CCD15B-C8B5-43BC-94A2-553B9CBF1D66}.Release|Win32.ActiveCfg = Release|Win32
		{62CCD15B-C8B5-43BC-94A2-553B9CBF1D66}.Release|Win32.Build.0 = Release|Win32
	EndGlobalSection
	GlobalSection(SolutionProperties) = preSolution
		HideSolutionNode = FALSE
	EndGlobalSection
EndGlobal
