
Microsoft Visual Studio Solution File, Format Version 10.00
# Visual Studio 2008
Project("{FAE04EC0-301F-11D3-BF4B-00C04F79EFBC}") = "F16CPD", "F16CPD.csproj", "{00B0AF4E-9949-40D9-92DB-C5C4DE871834}"
EndProject
Project("{FAE04EC0-301F-11D3-BF4B-00C04F79EFBC}") = "F4KeyFile", "..\F4KeyFile\F4KeyFile.csproj", "{EEED5595-6EB8-473D-B487-334B45D753A6}"
EndProject
Project("{FAE04EC0-301F-11D3-BF4B-00C04F79EFBC}") = "F4SharedMem", "..\F4SharedMem\F4SharedMem.csproj", "{517D1B4D-E8C7-4331-BBE7-300FD6B78441}"
EndProject
Project("{54435603-DBB4-11D2-8724-00A0C9A8B90C}") = "F16CpdSetup", "F16CpdSetup\F16CpdSetup.vdproj", "{ACD4DF1C-8994-417C-9F40-D2BAEE0DD7A2}"
EndProject
Project("{FAE04EC0-301F-11D3-BF4B-00C04F79EFBC}") = "Common", "..\Common\Common.csproj", "{ABA9CC75-B778-4E46-A6F6-AFEC27F2EB59}"
EndProject
Project("{FAE04EC0-301F-11D3-BF4B-00C04F79EFBC}") = "F4Utils", "..\F4Utils\F4Utils.csproj", "{BA414112-2EAB-496B-83DC-2005018A827C}"
EndProject
Project("{FAE04EC0-301F-11D3-BF4B-00C04F79EFBC}") = "PHCC", "..\PHCC\PHCC.csproj", "{75FA2030-C9CA-4B2D-8534-8F48EEA13CA3}"
EndProject
Project("{FAE04EC0-301F-11D3-BF4B-00C04F79EFBC}") = "BIUSBWrapper", "..\BIUSBWrapper\BIUSBWrapper.csproj", "{6A686BC3-E2A2-4E46-A175-B318FF0A2646}"
EndProject
Project("{FAE04EC0-301F-11D3-BF4B-00C04F79EFBC}") = "PPJoyWrapper", "..\PPJoyWrapper\PPJoyWrapper.csproj", "{78555A0E-5D2F-4328-A4F0-67B5D7E51871}"
EndProject
Project("{FAE04EC0-301F-11D3-BF4B-00C04F79EFBC}") = "LzssManaged", "..\Lzss\LzssManaged\LzssManaged.csproj", "{04F20E15-844A-4D30-9EC4-E8FD61A043A9}"
EndProject
Global
	GlobalSection(SolutionConfigurationPlatforms) = preSolution
		Debug|Any CPU = Debug|Any CPU
		Debug|Mixed Platforms = Debug|Mixed Platforms
		Debug|x86 = Debug|x86
		Release|Any CPU = Release|Any CPU
		Release|Mixed Platforms = Release|Mixed Platforms
		Release|x86 = Release|x86
	EndGlobalSection
	GlobalSection(ProjectConfigurationPlatforms) = postSolution
		{00B0AF4E-9949-40D9-92DB-C5C4DE871834}.Debug|Any CPU.ActiveCfg = Debug|x86
		{00B0AF4E-9949-40D9-92DB-C5C4DE871834}.Debug|Any CPU.Build.0 = Debug|x86
		{00B0AF4E-9949-40D9-92DB-C5C4DE871834}.Debug|Mixed Platforms.ActiveCfg = Debug|x86
		{00B0AF4E-9949-40D9-92DB-C5C4DE871834}.Debug|Mixed Platforms.Build.0 = Debug|x86
		{00B0AF4E-9949-40D9-92DB-C5C4DE871834}.Debug|x86.ActiveCfg = Debug|x86
		{00B0AF4E-9949-40D9-92DB-C5C4DE871834}.Debug|x86.Build.0 = Debug|x86
		{00B0AF4E-9949-40D9-92DB-C5C4DE871834}.Release|Any CPU.ActiveCfg = Release|Any CPU
		{00B0AF4E-9949-40D9-92DB-C5C4DE871834}.Release|Any CPU.Build.0 = Release|Any CPU
		{00B0AF4E-9949-40D9-92DB-C5C4DE871834}.Release|Mixed Platforms.ActiveCfg = Release|x86
		{00B0AF4E-9949-40D9-92DB-C5C4DE871834}.Release|Mixed Platforms.Build.0 = Release|x86
		{00B0AF4E-9949-40D9-92DB-C5C4DE871834}.Release|x86.ActiveCfg = Release|x86
		{00B0AF4E-9949-40D9-92DB-C5C4DE871834}.Release|x86.Build.0 = Release|x86
		{EEED5595-6EB8-473D-B487-334B45D753A6}.Debug|Any CPU.ActiveCfg = Debug|x86
		{EEED5595-6EB8-473D-B487-334B45D753A6}.Debug|Any CPU.Build.0 = Debug|x86
		{EEED5595-6EB8-473D-B487-334B45D753A6}.Debug|Mixed Platforms.ActiveCfg = Debug|x86
		{EEED5595-6EB8-473D-B487-334B45D753A6}.Debug|Mixed Platforms.Build.0 = Debug|x86
		{EEED5595-6EB8-473D-B487-334B45D753A6}.Debug|x86.ActiveCfg = Debug|x86
		{EEED5595-6EB8-473D-B487-334B45D753A6}.Debug|x86.Build.0 = Debug|x86
		{EEED5595-6EB8-473D-B487-334B45D753A6}.Release|Any CPU.ActiveCfg = Release|Any CPU
		{EEED5595-6EB8-473D-B487-334B45D753A6}.Release|Any CPU.Build.0 = Release|Any CPU
		{EEED5595-6EB8-473D-B487-334B45D753A6}.Release|Mixed Platforms.ActiveCfg = Release|x86
		{EEED5595-6EB8-473D-B487-334B45D753A6}.Release|Mixed Platforms.Build.0 = Release|x86
		{EEED5595-6EB8-473D-B487-334B45D753A6}.Release|x86.ActiveCfg = Release|x86
		{517D1B4D-E8C7-4331-BBE7-300FD6B78441}.Debug|Any CPU.ActiveCfg = Debug|x86
		{517D1B4D-E8C7-4331-BBE7-300FD6B78441}.Debug|Any CPU.Build.0 = Debug|x86
		{517D1B4D-E8C7-4331-BBE7-300FD6B78441}.Debug|Mixed Platforms.ActiveCfg = Debug|x86
		{517D1B4D-E8C7-4331-BBE7-300FD6B78441}.Debug|Mixed Platforms.Build.0 = Debug|x86
		{517D1B4D-E8C7-4331-BBE7-300FD6B78441}.Debug|x86.ActiveCfg = Debug|x86
		{517D1B4D-E8C7-4331-BBE7-300FD6B78441}.Debug|x86.Build.0 = Debug|x86
		{517D1B4D-E8C7-4331-BBE7-300FD6B78441}.Release|Any CPU.ActiveCfg = Release|Any CPU
		{517D1B4D-E8C7-4331-BBE7-300FD6B78441}.Release|Any CPU.Build.0 = Release|Any CPU
		{517D1B4D-E8C7-4331-BBE7-300FD6B78441}.Release|Mixed Platforms.ActiveCfg = Release|x86
		{517D1B4D-E8C7-4331-BBE7-300FD6B78441}.Release|Mixed Platforms.Build.0 = Release|x86
		{517D1B4D-E8C7-4331-BBE7-300FD6B78441}.Release|x86.ActiveCfg = Release|x86
		{ACD4DF1C-8994-417C-9F40-D2BAEE0DD7A2}.Debug|Any CPU.ActiveCfg = Debug
		{ACD4DF1C-8994-417C-9F40-D2BAEE0DD7A2}.Debug|Mixed Platforms.ActiveCfg = Debug
		{ACD4DF1C-8994-417C-9F40-D2BAEE0DD7A2}.Debug|Mixed Platforms.Build.0 = Debug
		{ACD4DF1C-8994-417C-9F40-D2BAEE0DD7A2}.Debug|x86.ActiveCfg = Debug
		{ACD4DF1C-8994-417C-9F40-D2BAEE0DD7A2}.Release|Any CPU.ActiveCfg = Release
		{ACD4DF1C-8994-417C-9F40-D2BAEE0DD7A2}.Release|Any CPU.Build.0 = Release
		{ACD4DF1C-8994-417C-9F40-D2BAEE0DD7A2}.Release|Mixed Platforms.ActiveCfg = Release
		{ACD4DF1C-8994-417C-9F40-D2BAEE0DD7A2}.Release|Mixed Platforms.Build.0 = Release
		{ACD4DF1C-8994-417C-9F40-D2BAEE0DD7A2}.Release|x86.ActiveCfg = Release
		{ABA9CC75-B778-4E46-A6F6-AFEC27F2EB59}.Debug|Any CPU.ActiveCfg = Debug|x86
		{ABA9CC75-B778-4E46-A6F6-AFEC27F2EB59}.Debug|Any CPU.Build.0 = Debug|x86
		{ABA9CC75-B778-4E46-A6F6-AFEC27F2EB59}.Debug|Mixed Platforms.ActiveCfg = Debug|x86
		{ABA9CC75-B778-4E46-A6F6-AFEC27F2EB59}.Debug|Mixed Platforms.Build.0 = Debug|x86
		{ABA9CC75-B778-4E46-A6F6-AFEC27F2EB59}.Debug|x86.ActiveCfg = Debug|x86
		{ABA9CC75-B778-4E46-A6F6-AFEC27F2EB59}.Debug|x86.Build.0 = Debug|x86
		{ABA9CC75-B778-4E46-A6F6-AFEC27F2EB59}.Release|Any CPU.ActiveCfg = Release|x86
		{ABA9CC75-B778-4E46-A6F6-AFEC27F2EB59}.Release|Mixed Platforms.ActiveCfg = Release|x86
		{ABA9CC75-B778-4E46-A6F6-AFEC27F2EB59}.Release|Mixed Platforms.Build.0 = Release|x86
		{ABA9CC75-B778-4E46-A6F6-AFEC27F2EB59}.Release|x86.ActiveCfg = Release|x86
		{ABA9CC75-B778-4E46-A6F6-AFEC27F2EB59}.Release|x86.Build.0 = Release|x86
		{BA414112-2EAB-496B-83DC-2005018A827C}.Debug|Any CPU.ActiveCfg = Debug|x86
		{BA414112-2EAB-496B-83DC-2005018A827C}.Debug|Mixed Platforms.ActiveCfg = Debug|x86
		{BA414112-2EAB-496B-83DC-2005018A827C}.Debug|Mixed Platforms.Build.0 = Debug|x86
		{BA414112-2EAB-496B-83DC-2005018A827C}.Debug|x86.ActiveCfg = Debug|x86
		{BA414112-2EAB-496B-83DC-2005018A827C}.Debug|x86.Build.0 = Debug|x86
		{BA414112-2EAB-496B-83DC-2005018A827C}.Release|Any CPU.ActiveCfg = Release|x86
		{BA414112-2EAB-496B-83DC-2005018A827C}.Release|Mixed Platforms.ActiveCfg = Release|x86
		{BA414112-2EAB-496B-83DC-2005018A827C}.Release|Mixed Platforms.Build.0 = Release|x86
		{BA414112-2EAB-496B-83DC-2005018A827C}.Release|x86.ActiveCfg = Release|x86
		{BA414112-2EAB-496B-83DC-2005018A827C}.Release|x86.Build.0 = Release|x86
		{75FA2030-C9CA-4B2D-8534-8F48EEA13CA3}.Debug|Any CPU.ActiveCfg = Debug|x86
		{75FA2030-C9CA-4B2D-8534-8F48EEA13CA3}.Debug|Mixed Platforms.ActiveCfg = Debug|x86
		{75FA2030-C9CA-4B2D-8534-8F48EEA13CA3}.Debug|Mixed Platforms.Build.0 = Debug|x86
		{75FA2030-C9CA-4B2D-8534-8F48EEA13CA3}.Debug|x86.ActiveCfg = Debug|x86
		{75FA2030-C9CA-4B2D-8534-8F48EEA13CA3}.Debug|x86.Build.0 = Debug|x86
		{75FA2030-C9CA-4B2D-8534-8F48EEA13CA3}.Release|Any CPU.ActiveCfg = Release|x86
		{75FA2030-C9CA-4B2D-8534-8F48EEA13CA3}.Release|Mixed Platforms.ActiveCfg = Release|x86
		{75FA2030-C9CA-4B2D-8534-8F48EEA13CA3}.Release|Mixed Platforms.Build.0 = Release|x86
		{75FA2030-C9CA-4B2D-8534-8F48EEA13CA3}.Release|x86.ActiveCfg = Release|x86
		{6A686BC3-E2A2-4E46-A175-B318FF0A2646}.Debug|Any CPU.ActiveCfg = Debug|x86
		{6A686BC3-E2A2-4E46-A175-B318FF0A2646}.Debug|Mixed Platforms.ActiveCfg = Debug|x86
		{6A686BC3-E2A2-4E46-A175-B318FF0A2646}.Debug|Mixed Platforms.Build.0 = Debug|x86
		{6A686BC3-E2A2-4E46-A175-B318FF0A2646}.Debug|x86.ActiveCfg = Debug|x86
		{6A686BC3-E2A2-4E46-A175-B318FF0A2646}.Debug|x86.Build.0 = Debug|x86
		{6A686BC3-E2A2-4E46-A175-B318FF0A2646}.Release|Any CPU.ActiveCfg = Release|x86
		{6A686BC3-E2A2-4E46-A175-B318FF0A2646}.Release|Mixed Platforms.ActiveCfg = Release|x86
		{6A686BC3-E2A2-4E46-A175-B318FF0A2646}.Release|Mixed Platforms.Build.0 = Release|x86
		{6A686BC3-E2A2-4E46-A175-B318FF0A2646}.Release|x86.ActiveCfg = Release|x86
		{78555A0E-5D2F-4328-A4F0-67B5D7E51871}.Debug|Any CPU.ActiveCfg = Debug|x86
		{78555A0E-5D2F-4328-A4F0-67B5D7E51871}.Debug|Mixed Platforms.ActiveCfg = Debug|x86
		{78555A0E-5D2F-4328-A4F0-67B5D7E51871}.Debug|Mixed Platforms.Build.0 = Debug|x86
		{78555A0E-5D2F-4328-A4F0-67B5D7E51871}.Debug|x86.ActiveCfg = Debug|x86
		{78555A0E-5D2F-4328-A4F0-67B5D7E51871}.Debug|x86.Build.0 = Debug|x86
		{78555A0E-5D2F-4328-A4F0-67B5D7E51871}.Release|Any CPU.ActiveCfg = Release|x86
		{78555A0E-5D2F-4328-A4F0-67B5D7E51871}.Release|Mixed Platforms.ActiveCfg = Release|x86
		{78555A0E-5D2F-4328-A4F0-67B5D7E51871}.Release|Mixed Platforms.Build.0 = Release|x86
		{78555A0E-5D2F-4328-A4F0-67B5D7E51871}.Release|x86.ActiveCfg = Release|x86
		{04F20E15-844A-4D30-9EC4-E8FD61A043A9}.Debug|Any CPU.ActiveCfg = Debug|x86
		{04F20E15-844A-4D30-9EC4-E8FD61A043A9}.Debug|Mixed Platforms.ActiveCfg = Debug|x86
		{04F20E15-844A-4D30-9EC4-E8FD61A043A9}.Debug|Mixed Platforms.Build.0 = Debug|x86
		{04F20E15-844A-4D30-9EC4-E8FD61A043A9}.Debug|x86.ActiveCfg = Debug|x86
		{04F20E15-844A-4D30-9EC4-E8FD61A043A9}.Debug|x86.Build.0 = Debug|x86
		{04F20E15-844A-4D30-9EC4-E8FD61A043A9}.Release|Any CPU.ActiveCfg = Release|x86
		{04F20E15-844A-4D30-9EC4-E8FD61A043A9}.Release|Mixed Platforms.ActiveCfg = Release|x86
		{04F20E15-844A-4D30-9EC4-E8FD61A043A9}.Release|Mixed Platforms.Build.0 = Release|x86
		{04F20E15-844A-4D30-9EC4-E8FD61A043A9}.Release|x86.ActiveCfg = Release|x86
	EndGlobalSection
	GlobalSection(SolutionProperties) = preSolution
		HideSolutionNode = FALSE
	EndGlobalSection
EndGlobal
