
Microsoft Visual Studio Solution File, Format Version 11.00
# Visual Studio 2010
Project("{FAE04EC0-301F-11D3-BF4B-00C04F79EFBC}") = "F4ResourceFileEditor", "F4ResourceFileEditor.csproj", "{25AFABB4-A3BF-40CA-AB6B-D0A71BC8A2C6}"
EndProject
Project("{FAE04EC0-301F-11D3-BF4B-00C04F79EFBC}") = "F4Utils", "..\F4Utils\F4Utils.csproj", "{BA414112-2EAB-496B-83DC-2005018A827C}"
EndProject
Global
	GlobalSection(SolutionConfigurationPlatforms) = preSolution
		Debug|x86 = Debug|x86
		Release|x86 = Release|x86
	EndGlobalSection
	GlobalSection(ProjectConfigurationPlatforms) = postSolution
		{25AFABB4-A3BF-40CA-AB6B-D0A71BC8A2C6}.Debug|x86.ActiveCfg = Debug|x86
		{25AFABB4-A3BF-40CA-AB6B-D0A71BC8A2C6}.Debug|x86.Build.0 = Debug|x86
		{25AFABB4-A3BF-40CA-AB6B-D0A71BC8A2C6}.Release|x86.ActiveCfg = Release|Any CPU
		{BA414112-2EAB-496B-83DC-2005018A827C}.Debug|x86.ActiveCfg = Debug|x86
		{BA414112-2EAB-496B-83DC-2005018A827C}.Debug|x86.Build.0 = Debug|x86
		{BA414112-2EAB-496B-83DC-2005018A827C}.Release|x86.ActiveCfg = Release|x86
		{BA414112-2EAB-496B-83DC-2005018A827C}.Release|x86.Build.0 = Release|x86
	EndGlobalSection
	GlobalSection(SolutionProperties) = preSolution
		HideSolutionNode = FALSE
	EndGlobalSection
EndGlobal
